
Microsoft Visual Studio Solution File, Format Version 12.00
# Visual Studio 15
VisualStudioVersion = 15.0.27130.2027
MinimumVisualStudioVersion = 10.0.40219.1
Project("{FAE04EC0-301F-11D3-BF4B-00C04F79EFBC}") = "Editora.WebMvc.Web", "Editora.WebMvc.Web\Editora.WebMvc.Web.csproj", "{2901A25D-32E7-495C-B284-181B6397D21A}"
EndProject
Project("{FAE04EC0-301F-11D3-BF4B-00C04F79EFBC}") = "Editora.WebMvc.DAL", "Editora.WebMvc.DAL\Editora.WebMvc.DAL.csproj", "{01D5E718-C74C-4E76-8901-7152D6FCEF46}"
EndProject
Global
	GlobalSection(SolutionConfigurationPlatforms) = preSolution
		Debug|Any CPU = Debug|Any CPU
		Release|Any CPU = Release|Any CPU
	EndGlobalSection
	GlobalSection(ProjectConfigurationPlatforms) = postSolution
		{2901A25D-32E7-495C-B284-181B6397D21A}.Debug|Any CPU.ActiveCfg = Debug|Any CPU
		{2901A25D-32E7-495C-B284-181B6397D21A}.Debug|Any CPU.Build.0 = Debug|Any CPU
		{2901A25D-32E7-495C-B284-181B6397D21A}.Release|Any CPU.ActiveCfg = Release|Any CPU
		{2901A25D-32E7-495C-B284-181B6397D21A}.Release|Any CPU.Build.0 = Release|Any CPU
		{01D5E718-C74C-4E76-8901-7152D6FCEF46}.Debug|Any CPU.ActiveCfg = Debug|Any CPU
		{01D5E718-C74C-4E76-8901-7152D6FCEF46}.Debug|Any CPU.Build.0 = Debug|Any CPU
		{01D5E718-C74C-4E76-8901-7152D6FCEF46}.Release|Any CPU.ActiveCfg = Release|Any CPU
		{01D5E718-C74C-4E76-8901-7152D6FCEF46}.Release|Any CPU.Build.0 = Release|Any CPU
	EndGlobalSection
	GlobalSection(SolutionProperties) = preSolution
		HideSolutionNode = FALSE
	EndGlobalSection
	GlobalSection(ExtensibilityGlobals) = postSolution
		SolutionGuid = {0A38F8F1-40A0-4732-A8B9-2EF4C12E3E06}
	EndGlobalSection
EndGlobal
