
Microsoft Visual Studio Solution File, Format Version 12.00
# Visual Studio 15
VisualStudioVersion = 15.0.27703.2047
MinimumVisualStudioVersion = 10.0.40219.1
Project("{FAE04EC0-301F-11D3-BF4B-00C04F79EFBC}") = "EmpresaAbc.Cap05.Lab1", "EmpresaAbc.Cap05.Lab1\EmpresaAbc.Cap05.Lab1.csproj", "{A04A541C-8627-4B11-873F-B2728D6FCD2E}"
EndProject
Global
	GlobalSection(SolutionConfigurationPlatforms) = preSolution
		Debug|Any CPU = Debug|Any CPU
		Release|Any CPU = Release|Any CPU
	EndGlobalSection
	GlobalSection(ProjectConfigurationPlatforms) = postSolution
		{A04A541C-8627-4B11-873F-B2728D6FCD2E}.Debug|Any CPU.ActiveCfg = Debug|Any CPU
		{A04A541C-8627-4B11-873F-B2728D6FCD2E}.Debug|Any CPU.Build.0 = Debug|Any CPU
		{A04A541C-8627-4B11-873F-B2728D6FCD2E}.Release|Any CPU.ActiveCfg = Release|Any CPU
		{A04A541C-8627-4B11-873F-B2728D6FCD2E}.Release|Any CPU.Build.0 = Release|Any CPU
	EndGlobalSection
	GlobalSection(SolutionProperties) = preSolution
		HideSolutionNode = FALSE
	EndGlobalSection
	GlobalSection(ExtensibilityGlobals) = postSolution
		SolutionGuid = {46561F06-0537-4891-B344-507436D4A9FA}
	EndGlobalSection
EndGlobal
